
Microsoft Visual Studio Solution File, Format Version 12.00
# Visual Studio Version 17
VisualStudioVersion = 17.5.002.0
MinimumVisualStudioVersion = 10.0.40219.1
Project("{9A19103F-16F7-4668-BE54-9A1E7A4F7556}") = "DotNet.Action", "DotNet.Action\DotNet.Action.csproj", "{03566DB2-BCA6-48F9-8732-691D6EF34BA2}"
EndProject
Project("{FAE04EC0-301F-11D3-BF4B-00C04F79EFBC}") = "CodeAnalysis", "CodeAnalysis\CodeAnalysis.csproj", "{81136A56-A70A-417D-8D72-CE0EF3050363}"
EndProject
Global
	GlobalSection(SolutionConfigurationPlatforms) = preSolution
		Debug|Any CPU = Debug|Any CPU
		Release|Any CPU = Release|Any CPU
	EndGlobalSection
	GlobalSection(ProjectConfigurationPlatforms) = postSolution
		{03566DB2-BCA6-48F9-8732-691D6EF34BA2}.Debug|Any CPU.ActiveCfg = Debug|Any CPU
		{03566DB2-BCA6-48F9-8732-691D6EF34BA2}.Debug|Any CPU.Build.0 = Debug|Any CPU
		{03566DB2-BCA6-48F9-8732-691D6EF34BA2}.Release|Any CPU.ActiveCfg = Release|Any CPU
		{03566DB2-BCA6-48F9-8732-691D6EF34BA2}.Release|Any CPU.Build.0 = Release|Any CPU
		{81136A56-A70A-417D-8D72-CE0EF3050363}.Debug|Any CPU.ActiveCfg = Debug|Any CPU
		{81136A56-A70A-417D-8D72-CE0EF3050363}.Debug|Any CPU.Build.0 = Debug|Any CPU
		{81136A56-A70A-417D-8D72-CE0EF3050363}.Release|Any CPU.ActiveCfg = Release|Any CPU
		{81136A56-A70A-417D-8D72-CE0EF3050363}.Release|Any CPU.Build.0 = Release|Any CPU
	EndGlobalSection
	GlobalSection(SolutionProperties) = preSolution
		HideSolutionNode = FALSE
	EndGlobalSection
	GlobalSection(ExtensibilityGlobals) = postSolution
		SolutionGuid = {D8785EB6-C8CF-4250-ADE4-17E180E24B08}
	EndGlobalSection
EndGlobal
